
Microsoft Visual Studio Solution File, Format Version 12.00
# Visual Studio 14
VisualStudioVersion = 14.0.25123.0
MinimumVisualStudioVersion = 10.0.40219.1
Project("{FAE04EC0-301F-11D3-BF4B-00C04F79EFBC}") = "TaskCat", "TaskCat\TaskCat.csproj", "{3239D40E-E8FF-462A-8E91-1203055C6E55}"
EndProject
Project("{FAE04EC0-301F-11D3-BF4B-00C04F79EFBC}") = "TaskCat.Data", "TaskCat.Data\TaskCat.Data.csproj", "{3CBADD98-C5B3-4475-B18E-F9AF0EFD4A2F}"
EndProject
Project("{FAE04EC0-301F-11D3-BF4B-00C04F79EFBC}") = "TaskCat.Tests", "TaskCat.Tests\TaskCat.Tests.csproj", "{8EDF4429-251A-416D-BB68-93F227191BCF}"
EndProject
Global
	GlobalSection(SolutionConfigurationPlatforms) = preSolution
		Debug|Any CPU = Debug|Any CPU
		Release|Any CPU = Release|Any CPU
	EndGlobalSection
	GlobalSection(ProjectConfigurationPlatforms) = postSolution
		{3239D40E-E8FF-462A-8E91-1203055C6E55}.Debug|Any CPU.ActiveCfg = Debug|Any CPU
		{3239D40E-E8FF-462A-8E91-1203055C6E55}.Debug|Any CPU.Build.0 = Debug|Any CPU
		{3239D40E-E8FF-462A-8E91-1203055C6E55}.Release|Any CPU.ActiveCfg = Release|Any CPU
		{3239D40E-E8FF-462A-8E91-1203055C6E55}.Release|Any CPU.Build.0 = Release|Any CPU
		{3CBADD98-C5B3-4475-B18E-F9AF0EFD4A2F}.Debug|Any CPU.ActiveCfg = Debug|Any CPU
		{3CBADD98-C5B3-4475-B18E-F9AF0EFD4A2F}.Debug|Any CPU.Build.0 = Debug|Any CPU
		{3CBADD98-C5B3-4475-B18E-F9AF0EFD4A2F}.Release|Any CPU.ActiveCfg = Release|Any CPU
		{3CBADD98-C5B3-4475-B18E-F9AF0EFD4A2F}.Release|Any CPU.Build.0 = Release|Any CPU
		{8EDF4429-251A-416D-BB68-93F227191BCF}.Debug|Any CPU.ActiveCfg = Debug|Any CPU
		{8EDF4429-251A-416D-BB68-93F227191BCF}.Debug|Any CPU.Build.0 = Debug|Any CPU
		{8EDF4429-251A-416D-BB68-93F227191BCF}.Release|Any CPU.ActiveCfg = Release|Any CPU
		{8EDF4429-251A-416D-BB68-93F227191BCF}.Release|Any CPU.Build.0 = Release|Any CPU
	EndGlobalSection
	GlobalSection(SolutionProperties) = preSolution
		HideSolutionNode = FALSE
	EndGlobalSection
EndGlobal
